
Microsoft Visual Studio Solution File, Format Version 12.00
# Visual Studio 14
VisualStudioVersion = 14.0.25420.1
MinimumVisualStudioVersion = 10.0.40219.1
Project("{FAE04EC0-301F-11D3-BF4B-00C04F79EFBC}") = "Week5Loops", "Week5Loops\Week5Loops.csproj", "{88E0B854-4B4C-4CDE-9AAF-FACC395A84DE}"
EndProject
Global
	GlobalSection(SolutionConfigurationPlatforms) = preSolution
		Debug|Any CPU = Debug|Any CPU
		Release|Any CPU = Release|Any CPU
	EndGlobalSection
	GlobalSection(ProjectConfigurationPlatforms) = postSolution
		{88E0B854-4B4C-4CDE-9AAF-FACC395A84DE}.Debug|Any CPU.ActiveCfg = Debug|Any CPU
		{88E0B854-4B4C-4CDE-9AAF-FACC395A84DE}.Debug|Any CPU.Build.0 = Debug|Any CPU
		{88E0B854-4B4C-4CDE-9AAF-FACC395A84DE}.Release|Any CPU.ActiveCfg = Release|Any CPU
		{88E0B854-4B4C-4CDE-9AAF-FACC395A84DE}.Release|Any CPU.Build.0 = Release|Any CPU
	EndGlobalSection
	GlobalSection(SolutionProperties) = preSolution
		HideSolutionNode = FALSE
	EndGlobalSection
EndGlobal
